
Microsoft Visual Studio Solution File, Format Version 12.00
# Visual Studio Version 16
VisualStudioVersion = 16.0.30204.135
MinimumVisualStudioVersion = 10.0.40219.1
Project("{FAE04EC0-301F-11D3-BF4B-00C04F79EFBC}") = "Taskban.WPF", "Taskban.WPF\Taskban.WPF.csproj", "{B8F3D3F9-3CBF-486F-BB49-92A1DE533A0E}"
EndProject
Global
	GlobalSection(SolutionConfigurationPlatforms) = preSolution
		Debug|Any CPU = Debug|Any CPU
		Release|Any CPU = Release|Any CPU
	EndGlobalSection
	GlobalSection(ProjectConfigurationPlatforms) = postSolution
		{B8F3D3F9-3CBF-486F-BB49-92A1DE533A0E}.Debug|Any CPU.ActiveCfg = Debug|Any CPU
		{B8F3D3F9-3CBF-486F-BB49-92A1DE533A0E}.Debug|Any CPU.Build.0 = Debug|Any CPU
		{B8F3D3F9-3CBF-486F-BB49-92A1DE533A0E}.Release|Any CPU.ActiveCfg = Release|Any CPU
		{B8F3D3F9-3CBF-486F-BB49-92A1DE533A0E}.Release|Any CPU.Build.0 = Release|Any CPU
	EndGlobalSection
	GlobalSection(SolutionProperties) = preSolution
		HideSolutionNode = FALSE
	EndGlobalSection
	GlobalSection(ExtensibilityGlobals) = postSolution
		SolutionGuid = {3E9BA8AB-100D-4CAF-89FA-ADA3FE0EA758}
	EndGlobalSection
EndGlobal
